
Microsoft Visual Studio Solution File, Format Version 12.00
# Visual Studio Version 17
VisualStudioVersion = 17.10.35122.118
MinimumVisualStudioVersion = 10.0.40219.1
Project("{FAE04EC0-301F-11D3-BF4B-00C04F79EFBC}") = "Week15-OOPAndFiles", "Week15-OOPAndFiles\Week15-OOPAndFiles.csproj", "{C4AF8731-A130-4C2D-9A45-151C63586A0E}"
EndProject
Global
	GlobalSection(SolutionConfigurationPlatforms) = preSolution
		Debug|Any CPU = Debug|Any CPU
		Release|Any CPU = Release|Any CPU
	EndGlobalSection
	GlobalSection(ProjectConfigurationPlatforms) = postSolution
		{C4AF8731-A130-4C2D-9A45-151C63586A0E}.Debug|Any CPU.ActiveCfg = Debug|Any CPU
		{C4AF8731-A130-4C2D-9A45-151C63586A0E}.Debug|Any CPU.Build.0 = Debug|Any CPU
		{C4AF8731-A130-4C2D-9A45-151C63586A0E}.Release|Any CPU.ActiveCfg = Release|Any CPU
		{C4AF8731-A130-4C2D-9A45-151C63586A0E}.Release|Any CPU.Build.0 = Release|Any CPU
	EndGlobalSection
	GlobalSection(SolutionProperties) = preSolution
		HideSolutionNode = FALSE
	EndGlobalSection
	GlobalSection(ExtensibilityGlobals) = postSolution
		SolutionGuid = {7D54F55F-A6EB-491D-8000-0CD60E54E93A}
	EndGlobalSection
EndGlobal
